<?xml version="1.0" encoding="utf-8"?>
<Project ToolsVersion="4.0" xmlns="http://schemas.microsoft.com/developer/msbuild/2003">
  <ItemGroup>
    <Filter Include="Source Files">
      <UniqueIdentifier>{4FC737F1-C7A5-4376-A066-2A32D752A2FF}</UniqueIdentifier>
      <Extensions>cpp;c;cc;cxx;def;odl;idl;hpj;bat;asm;asmx</Extensions>
    </Filter>
    <Filter Include="Header Files">
      <UniqueIdentifier>{93995380-89BD-4b04-88EB-625FBE52EBFB}</UniqueIdentifier>
      <Extensions>h;hpp;hxx;hm;inl;inc;xsd</Extensions>
    </Filter>
    <Filter Include="Resource Files">
      <UniqueIdentifier>{67DA6AB6-F800-4c08-8B7A-83BB121AAD01}</UniqueIdentifier>
      <Extensions>rc;ico;cur;bmp;dlg;rc2;rct;bin;rgs;gif;jpg;jpeg;jpe;resx;tiff;tif;png;wav;mfcribbon-ms</Extensions>
    </Filter>
    <Filter Include="Header Files\rbf">
      <UniqueIdentifier>{4fbef20f-4da2-4db9-aa1f-c68989cef5bd}</UniqueIdentifier>
    </Filter>
    <Filter Include="Source Files\rbf">
      <UniqueIdentifier>{fed1f8f9-f5b1-49c2-921a-d65aa4ce5247}</UniqueIdentifier>
    </Filter>
    <Filter Include="Header Files\util">
      <UniqueIdentifier>{aed8575f-f401-46dc-a9c9-883c49fc0b72}</UniqueIdentifier>
    </Filter>
    <Filter Include="Source Files\util">
      <UniqueIdentifier>{88e400e1-67fc-471a-9fdb-b53f0912863d}</UniqueIdentifier>
    </Filter>
    <Filter Include="Header Files\rm">
      <UniqueIdentifier>{b3fe343c-ba94-41b0-9f8f-421d20984513}</UniqueIdentifier>
    </Filter>
    <Filter Include="Source Files\rm">
      <UniqueIdentifier>{73c8e844-049a-4559-9277-3f1cb8919c5c}</UniqueIdentifier>
    </Filter>
    <Filter Include="Header Files\ix">
      <UniqueIdentifier>{fac5e37f-b120-451c-9c0f-17989494ae75}</UniqueIdentifier>
    </Filter>
    <Filter Include="Source Files\ix">
      <UniqueIdentifier>{d6409bcb-07ba-4bd3-a276-bb241d2bf096}</UniqueIdentifier>
    </Filter>
    <Filter Include="Header Files\qe">
      <UniqueIdentifier>{ae36b23d-ed62-4216-9515-fa5a56af5ba3}</UniqueIdentifier>
    </Filter>
    <Filter Include="Source Files\qe">
      <UniqueIdentifier>{2ad9cc56-8707-43d0-bb2e-b07ab9d02820}</UniqueIdentifier>
    </Filter>
    <Filter Include="Header Files\cli">
      <UniqueIdentifier>{40dd3a7a-d96d-487a-975c-4eed1227e57b}</UniqueIdentifier>
    </Filter>
    <Filter Include="Source Files\cli">
      <UniqueIdentifier>{de1eff78-a571-4e0d-8810-c6348ce943af}</UniqueIdentifier>
    </Filter>
    <Filter Include="Header Files\readline">
      <UniqueIdentifier>{5038e5b7-3f53-4d32-af26-974ecc469a10}</UniqueIdentifier>
    </Filter>
    <Filter Include="Source Files\readline">
      <UniqueIdentifier>{76ea51b1-1ffa-4660-be76-c333091f9fed}</UniqueIdentifier>
    </Filter>
  </ItemGroup>
  <ItemGroup>
    <ClInclude Include="..\..\..\..\GitHub\cs222-db\cs222\src\rbf\pfm.h">
      <Filter>Header Files\rbf</Filter>
    </ClInclude>
    <ClInclude Include="..\..\..\..\GitHub\cs222-db\cs222\src\rbf\rbfm.h">
      <Filter>Header Files\rbf</Filter>
    </ClInclude>
    <ClInclude Include="..\..\cs222\src\util\dbgout.h">
      <Filter>Header Files\util</Filter>
    </ClInclude>
    <ClInclude Include="..\..\cs222\src\util\returncodes.h">
      <Filter>Header Files\util</Filter>
    </ClInclude>
    <ClInclude Include="..\..\cs222\src\rm\rm.h">
      <Filter>Header Files\rm</Filter>
    </ClInclude>
    <ClInclude Include="..\..\cs222\src\rm\test_util.h">
      <Filter>Header Files\rm</Filter>
    </ClInclude>
    <ClInclude Include="..\..\cs222\src\rbf\rbcm.h">
      <Filter>Header Files\rbf</Filter>
    </ClInclude>
    <ClInclude Include="..\..\cs222\src\ix\ix.h">
      <Filter>Header Files\ix</Filter>
    </ClInclude>
    <ClInclude Include="..\..\cs222\src\ix\ixtest_util.h">
      <Filter>Header Files\ix</Filter>
    </ClInclude>
    <ClInclude Include="..\..\cs222\src\util\hash.h">
      <Filter>Header Files\util</Filter>
    </ClInclude>
    <ClInclude Include="..\..\cs222\src\qe\qe.h">
      <Filter>Header Files\qe</Filter>
    </ClInclude>
    <ClInclude Include="..\..\cs222\src\cli\cli.h">
      <Filter>Header Files\cli</Filter>
    </ClInclude>
    <ClInclude Include="..\..\cs222\src\readline\chardefs.h">
      <Filter>Header Files\readline</Filter>
    </ClInclude>
    <ClInclude Include="..\..\cs222\src\readline\histlib.h">
      <Filter>Header Files\readline</Filter>
    </ClInclude>
    <ClInclude Include="..\..\cs222\src\readline\history.h">
      <Filter>Header Files\readline</Filter>
    </ClInclude>
    <ClInclude Include="..\..\cs222\src\readline\keymaps.h">
      <Filter>Header Files\readline</Filter>
    </ClInclude>
    <ClInclude Include="..\..\cs222\src\readline\posixdir.h">
      <Filter>Header Files\readline</Filter>
    </ClInclude>
    <ClInclude Include="..\..\cs222\src\readline\posixjmp.h">
      <Filter>Header Files\readline</Filter>
    </ClInclude>
    <ClInclude Include="..\..\cs222\src\readline\posixstat.h">
      <Filter>Header Files\readline</Filter>
    </ClInclude>
    <ClInclude Include="..\..\cs222\src\readline\readline.h">
      <Filter>Header Files\readline</Filter>
    </ClInclude>
    <ClInclude Include="..\..\cs222\src\readline\rlconf.h">
      <Filter>Header Files\readline</Filter>
    </ClInclude>
    <ClInclude Include="..\..\cs222\src\readline\rldefs.h">
      <Filter>Header Files\readline</Filter>
    </ClInclude>
    <ClInclude Include="..\..\cs222\src\readline\rlmbutil.h">
      <Filter>Header Files\readline</Filter>
    </ClInclude>
    <ClInclude Include="..\..\cs222\src\readline\rlprivate.h">
      <Filter>Header Files\readline</Filter>
    </ClInclude>
    <ClInclude Include="..\..\cs222\src\readline\rlshell.h">
      <Filter>Header Files\readline</Filter>
    </ClInclude>
    <ClInclude Include="..\..\cs222\src\readline\rlstdc.h">
      <Filter>Header Files\readline</Filter>
    </ClInclude>
    <ClInclude Include="..\..\cs222\src\readline\rltty.h">
      <Filter>Header Files\readline</Filter>
    </ClInclude>
    <ClInclude Include="..\..\cs222\src\readline\rltypedefs.h">
      <Filter>Header Files\readline</Filter>
    </ClInclude>
    <ClInclude Include="..\..\cs222\src\readline\rlwinsize.h">
      <Filter>Header Files\readline</Filter>
    </ClInclude>
    <ClInclude Include="..\..\cs222\src\readline\tcap.h">
      <Filter>Header Files\readline</Filter>
    </ClInclude>
    <ClInclude Include="..\..\cs222\src\readline\tilde.h">
      <Filter>Header Files\readline</Filter>
    </ClInclude>
    <ClInclude Include="..\..\cs222\src\readline\xmalloc.h">
      <Filter>Header Files\readline</Filter>
    </ClInclude>
  </ItemGroup>
  <ItemGroup>
    <ClCompile Include="..\..\..\..\GitHub\cs222-db\cs222\src\rbf\pfm.cc">
      <Filter>Source Files\rbf</Filter>
    </ClCompile>
    <ClCompile Include="..\..\..\..\GitHub\cs222-db\cs222\src\rbf\rbfm.cc">
      <Filter>Source Files\rbf</Filter>
    </ClCompile>
    <ClCompile Include="..\..\cs222\src\util\dbgout.cc">
      <Filter>Source Files\util</Filter>
    </ClCompile>
    <ClCompile Include="..\..\cs222\src\util\returncodes.cc">
      <Filter>Source Files\util</Filter>
    </ClCompile>
    <ClCompile Include="..\..\cs222\src\rm\rm.cc">
      <Filter>Source Files\rm</Filter>
    </ClCompile>
    <ClCompile Include="..\..\cs222\src\rbf\rbcm.cc">
      <Filter>Source Files\rbf</Filter>
    </ClCompile>
    <ClCompile Include="..\..\cs222\src\ix\ix.cc">
      <Filter>Source Files\ix</Filter>
    </ClCompile>
    <ClCompile Include="..\..\cs222\src\qe\qe.cc">
      <Filter>Source Files\qe</Filter>
    </ClCompile>
    <ClCompile Include="..\..\cs222\src\cli\cli.cc">
      <Filter>Source Files\cli</Filter>
    </ClCompile>
    <ClCompile Include="..\..\cs222\src\cli\clitest.cc">
      <Filter>Source Files\cli</Filter>
    </ClCompile>
    <ClCompile Include="..\..\cs222\src\cli\start.cc">
      <Filter>Source Files\cli</Filter>
    </ClCompile>
    <ClCompile Include="..\..\cs222\src\readline\bind.c">
      <Filter>Source Files\readline</Filter>
    </ClCompile>
    <ClCompile Include="..\..\cs222\src\readline\callback.c">
      <Filter>Source Files\readline</Filter>
    </ClCompile>
    <ClCompile Include="..\..\cs222\src\readline\compat.c">
      <Filter>Source Files\readline</Filter>
    </ClCompile>
    <ClCompile Include="..\..\cs222\src\readline\complete.c">
      <Filter>Source Files\readline</Filter>
    </ClCompile>
    <ClCompile Include="..\..\cs222\src\readline\display.c">
      <Filter>Source Files\readline</Filter>
    </ClCompile>
    <ClCompile Include="..\..\cs222\src\readline\emacs_keymap.c">
      <Filter>Source Files\readline</Filter>
    </ClCompile>
    <ClCompile Include="..\..\cs222\src\readline\funmap.c">
      <Filter>Source Files\readline</Filter>
    </ClCompile>
    <ClCompile Include="..\..\cs222\src\readline\histexpand.c">
      <Filter>Source Files\readline</Filter>
    </ClCompile>
    <ClCompile Include="..\..\cs222\src\readline\histfile.c">
      <Filter>Source Files\readline</Filter>
    </ClCompile>
    <ClCompile Include="..\..\cs222\src\readline\history.c">
      <Filter>Source Files\readline</Filter>
    </ClCompile>
    <ClCompile Include="..\..\cs222\src\readline\histsearch.c">
      <Filter>Source Files\readline</Filter>
    </ClCompile>
    <ClCompile Include="..\..\cs222\src\readline\input.c">
      <Filter>Source Files\readline</Filter>
    </ClCompile>
    <ClCompile Include="..\..\cs222\src\readline\isearch.c">
      <Filter>Source Files\readline</Filter>
    </ClCompile>
    <ClCompile Include="..\..\cs222\src\readline\keymaps.c">
      <Filter>Source Files\readline</Filter>
    </ClCompile>
    <ClCompile Include="..\..\cs222\src\readline\kill.c">
      <Filter>Source Files\readline</Filter>
    </ClCompile>
    <ClCompile Include="..\..\cs222\src\readline\macro.c">
      <Filter>Source Files\readline</Filter>
    </ClCompile>
    <ClCompile Include="..\..\cs222\src\readline\mbutil.c">
      <Filter>Source Files\readline</Filter>
    </ClCompile>
    <ClCompile Include="..\..\cs222\src\readline\misc.c">
      <Filter>Source Files\readline</Filter>
    </ClCompile>
    <ClCompile Include="..\..\cs222\src\readline\nls.c">
      <Filter>Source Files\readline</Filter>
    </ClCompile>
    <ClCompile Include="..\..\cs222\src\readline\parens.c">
      <Filter>Source Files\readline</Filter>
    </ClCompile>
    <ClCompile Include="..\..\cs222\src\readline\readline.c">
      <Filter>Source Files\readline</Filter>
    </ClCompile>
    <ClCompile Include="..\..\cs222\src\readline\rltty.c">
      <Filter>Source Files\readline</Filter>
    </ClCompile>
    <ClCompile Include="..\..\cs222\src\readline\savestring.c">
      <Filter>Source Files\readline</Filter>
    </ClCompile>
    <ClCompile Include="..\..\cs222\src\readline\search.c">
      <Filter>Source Files\readline</Filter>
    </ClCompile>
    <ClCompile Include="..\..\cs222\src\readline\shell.c">
      <Filter>Source Files\readline</Filter>
    </ClCompile>
    <ClCompile Include="..\..\cs222\src\readline\signals.c">
      <Filter>Source Files\readline</Filter>
    </ClCompile>
    <ClCompile Include="..\..\cs222\src\readline\terminal.c">
      <Filter>Source Files\readline</Filter>
    </ClCompile>
    <ClCompile Include="..\..\cs222\src\readline\text.c">
      <Filter>Source Files\readline</Filter>
    </ClCompile>
    <ClCompile Include="..\..\cs222\src\readline\tilde.c">
      <Filter>Source Files\readline</Filter>
    </ClCompile>
    <ClCompile Include="..\..\cs222\src\readline\undo.c">
      <Filter>Source Files\readline</Filter>
    </ClCompile>
    <ClCompile Include="..\..\cs222\src\readline\util.c">
      <Filter>Source Files\readline</Filter>
    </ClCompile>
    <ClCompile Include="..\..\cs222\src\readline\vi_keymap.c">
      <Filter>Source Files\readline</Filter>
    </ClCompile>
    <ClCompile Include="..\..\cs222\src\readline\vi_mode.c">
      <Filter>Source Files\readline</Filter>
    </ClCompile>
    <ClCompile Include="..\..\cs222\src\readline\xmalloc.c">
      <Filter>Source Files\readline</Filter>
    </ClCompile>
  </ItemGroup>
</Project>